
Microsoft Visual Studio Solution File, Format Version 12.00
# Visual Studio Version 17
VisualStudioVersion = 17.8.34511.84
MinimumVisualStudioVersion = 10.0.40219.1
Project("{FAE04EC0-301F-11D3-BF4B-00C04F79EFBC}") = "FightSimulation", "FightSimulation\FightSimulation.csproj", "{9FBC2FC7-D367-49E4-A916-7C783DBE8E01}"
EndProject
Global
	GlobalSection(SolutionConfigurationPlatforms) = preSolution
		Debug|Any CPU = Debug|Any CPU
		Release|Any CPU = Release|Any CPU
	EndGlobalSection
	GlobalSection(ProjectConfigurationPlatforms) = postSolution
		{9FBC2FC7-D367-49E4-A916-7C783DBE8E01}.Debug|Any CPU.ActiveCfg = Debug|Any CPU
		{9FBC2FC7-D367-49E4-A916-7C783DBE8E01}.Debug|Any CPU.Build.0 = Debug|Any CPU
		{9FBC2FC7-D367-49E4-A916-7C783DBE8E01}.Release|Any CPU.ActiveCfg = Release|Any CPU
		{9FBC2FC7-D367-49E4-A916-7C783DBE8E01}.Release|Any CPU.Build.0 = Release|Any CPU
	EndGlobalSection
	GlobalSection(SolutionProperties) = preSolution
		HideSolutionNode = FALSE
	EndGlobalSection
	GlobalSection(ExtensibilityGlobals) = postSolution
		SolutionGuid = {5EFEA506-2FED-44AE-99CC-9567924AB22E}
	EndGlobalSection
EndGlobal
